
Microsoft Visual Studio Solution File, Format Version 12.00
# Visual Studio Version 16
VisualStudioVersion = 16.0.30804.86
MinimumVisualStudioVersion = 10.0.40219.1
Project("{FAE04EC0-301F-11D3-BF4B-00C04F79EFBC}") = "EFCoreTestApplication", "EFCoreTestApplication\EFCoreTestApplication.csproj", "{5D30E5C0-CB2E-48DB-8FBA-6063B3A2480F}"
EndProject
Global
	GlobalSection(SolutionConfigurationPlatforms) = preSolution
		Debug|Any CPU = Debug|Any CPU
		Release|Any CPU = Release|Any CPU
	EndGlobalSection
	GlobalSection(ProjectConfigurationPlatforms) = postSolution
		{5D30E5C0-CB2E-48DB-8FBA-6063B3A2480F}.Debug|Any CPU.ActiveCfg = Debug|Any CPU
		{5D30E5C0-CB2E-48DB-8FBA-6063B3A2480F}.Debug|Any CPU.Build.0 = Debug|Any CPU
		{5D30E5C0-CB2E-48DB-8FBA-6063B3A2480F}.Release|Any CPU.ActiveCfg = Release|Any CPU
		{5D30E5C0-CB2E-48DB-8FBA-6063B3A2480F}.Release|Any CPU.Build.0 = Release|Any CPU
	EndGlobalSection
	GlobalSection(SolutionProperties) = preSolution
		HideSolutionNode = FALSE
	EndGlobalSection
	GlobalSection(ExtensibilityGlobals) = postSolution
		SolutionGuid = {5ADA17D5-41CC-489B-876A-9F6D1155FF96}
	EndGlobalSection
EndGlobal
